
Microsoft Visual Studio Solution File, Format Version 12.00
# Visual Studio 2012
Project("{FAE04EC0-301F-11D3-BF4B-00C04F79EFBC}") = "GalerieKusVola.Web", "GalerieKusVola.Web\GalerieKusVola.Web.csproj", "{0151A7D6-C58C-44AA-A7A0-465F1B570C64}"
EndProject
Project("{FAE04EC0-301F-11D3-BF4B-00C04F79EFBC}") = "GalerieKusVola.Core", "GalerieKusVola.Core\GalerieKusVola.Core.csproj", "{C26EE3A4-1769-48F1-86D9-025E49CC9C14}"
EndProject
Global
	GlobalSection(SolutionConfigurationPlatforms) = preSolution
		Debug|Any CPU = Debug|Any CPU
		Release|Any CPU = Release|Any CPU
	EndGlobalSection
	GlobalSection(ProjectConfigurationPlatforms) = postSolution
		{0151A7D6-C58C-44AA-A7A0-465F1B570C64}.Debug|Any CPU.ActiveCfg = Debug|Any CPU
		{0151A7D6-C58C-44AA-A7A0-465F1B570C64}.Debug|Any CPU.Build.0 = Debug|Any CPU
		{0151A7D6-C58C-44AA-A7A0-465F1B570C64}.Release|Any CPU.ActiveCfg = Release|Any CPU
		{0151A7D6-C58C-44AA-A7A0-465F1B570C64}.Release|Any CPU.Build.0 = Release|Any CPU
		{C26EE3A4-1769-48F1-86D9-025E49CC9C14}.Debug|Any CPU.ActiveCfg = Debug|Any CPU
		{C26EE3A4-1769-48F1-86D9-025E49CC9C14}.Debug|Any CPU.Build.0 = Debug|Any CPU
		{C26EE3A4-1769-48F1-86D9-025E49CC9C14}.Release|Any CPU.ActiveCfg = Release|Any CPU
		{C26EE3A4-1769-48F1-86D9-025E49CC9C14}.Release|Any CPU.Build.0 = Release|Any CPU
	EndGlobalSection
	GlobalSection(SolutionProperties) = preSolution
		HideSolutionNode = FALSE
	EndGlobalSection
EndGlobal
