
Microsoft Visual Studio Solution File, Format Version 11.00
# Visual Studio 2010
Project("{FAE04EC0-301F-11D3-BF4B-00C04F79EFBC}") = "GalerieKusVola.Repository", "GalerieKusVola.Repository\GalerieKusVola.Repository.csproj", "{618BA26C-D10C-4146-AB2D-3F4466384C74}"
EndProject
Project("{FAE04EC0-301F-11D3-BF4B-00C04F79EFBC}") = "GalerieKusVola.Managers", "GalerieKusVola.Managers\GalerieKusVola.Managers.csproj", "{6380F3E5-30FC-4382-B48D-4E34F6A65689}"
EndProject
Project("{FAE04EC0-301F-11D3-BF4B-00C04F79EFBC}") = "GalerieKusVola.Models", "GalerieKusVola.Models\GalerieKusVola.Models.csproj", "{F2353533-98CF-46E1-A6FA-477F9B787304}"
EndProject
Project("{FAE04EC0-301F-11D3-BF4B-00C04F79EFBC}") = "GalerieKusVola.Web", "GalerieKusVola.Web\GalerieKusVola.Web.csproj", "{BAD826B0-88BF-44CA-8B68-6AE28E046362}"
EndProject
Global
	GlobalSection(SolutionConfigurationPlatforms) = preSolution
		Debug|Any CPU = Debug|Any CPU
		Release|Any CPU = Release|Any CPU
	EndGlobalSection
	GlobalSection(ProjectConfigurationPlatforms) = postSolution
		{618BA26C-D10C-4146-AB2D-3F4466384C74}.Debug|Any CPU.ActiveCfg = Debug|Any CPU
		{618BA26C-D10C-4146-AB2D-3F4466384C74}.Debug|Any CPU.Build.0 = Debug|Any CPU
		{618BA26C-D10C-4146-AB2D-3F4466384C74}.Release|Any CPU.ActiveCfg = Release|Any CPU
		{618BA26C-D10C-4146-AB2D-3F4466384C74}.Release|Any CPU.Build.0 = Release|Any CPU
		{6380F3E5-30FC-4382-B48D-4E34F6A65689}.Debug|Any CPU.ActiveCfg = Debug|Any CPU
		{6380F3E5-30FC-4382-B48D-4E34F6A65689}.Debug|Any CPU.Build.0 = Debug|Any CPU
		{6380F3E5-30FC-4382-B48D-4E34F6A65689}.Release|Any CPU.ActiveCfg = Release|Any CPU
		{6380F3E5-30FC-4382-B48D-4E34F6A65689}.Release|Any CPU.Build.0 = Release|Any CPU
		{F2353533-98CF-46E1-A6FA-477F9B787304}.Debug|Any CPU.ActiveCfg = Debug|Any CPU
		{F2353533-98CF-46E1-A6FA-477F9B787304}.Debug|Any CPU.Build.0 = Debug|Any CPU
		{F2353533-98CF-46E1-A6FA-477F9B787304}.Release|Any CPU.ActiveCfg = Release|Any CPU
		{F2353533-98CF-46E1-A6FA-477F9B787304}.Release|Any CPU.Build.0 = Release|Any CPU
		{BAD826B0-88BF-44CA-8B68-6AE28E046362}.Debug|Any CPU.ActiveCfg = Debug|Any CPU
		{BAD826B0-88BF-44CA-8B68-6AE28E046362}.Debug|Any CPU.Build.0 = Debug|Any CPU
		{BAD826B0-88BF-44CA-8B68-6AE28E046362}.Release|Any CPU.ActiveCfg = Release|Any CPU
		{BAD826B0-88BF-44CA-8B68-6AE28E046362}.Release|Any CPU.Build.0 = Release|Any CPU
	EndGlobalSection
	GlobalSection(SolutionProperties) = preSolution
		HideSolutionNode = FALSE
	EndGlobalSection
EndGlobal
